
Microsoft Visual Studio Solution File, Format Version 12.00
Project("{FAE04EC0-301F-11D3-BF4B-00C04F79EFBC}") = "AppNameChange", "AppNameChange.csproj", "{7F06F41B-D160-4BDD-9D43-6C32B59A3FCF}"
EndProject
Global
	GlobalSection(SolutionConfigurationPlatforms) = preSolution
		Debug|Any CPU = Debug|Any CPU
		Release|Any CPU = Release|Any CPU
	EndGlobalSection
	GlobalSection(ProjectConfigurationPlatforms) = postSolution
		{7F06F41B-D160-4BDD-9D43-6C32B59A3FCF}.Debug|Any CPU.ActiveCfg = Debug|Any CPU
		{7F06F41B-D160-4BDD-9D43-6C32B59A3FCF}.Debug|Any CPU.Build.0 = Debug|Any CPU
		{7F06F41B-D160-4BDD-9D43-6C32B59A3FCF}.Release|Any CPU.ActiveCfg = Release|Any CPU
		{7F06F41B-D160-4BDD-9D43-6C32B59A3FCF}.Release|Any CPU.Build.0 = Release|Any CPU
	EndGlobalSection
EndGlobal
